
Microsoft Visual Studio Solution File, Format Version 12.00
# Visual Studio 15
VisualStudioVersion = 15.0.27130.2024
MinimumVisualStudioVersion = 10.0.40219.1
Project("{FAE04EC0-301F-11D3-BF4B-00C04F79EFBC}") = "OMCApi", "OMCApi\OMCApi.csproj", "{EDB0D44E-7EF4-4B4C-B6E9-A872E702512B}"
	ProjectSection(ProjectDependencies) = postProject
		{0A52E95C-6B70-4EF1-89FD-8A8EA9719B80} = {0A52E95C-6B70-4EF1-89FD-8A8EA9719B80}
		{A685AA6B-9DC5-400E-BB08-042BF56C1DB6} = {A685AA6B-9DC5-400E-BB08-042BF56C1DB6}
		{545C2273-3A99-49D8-89A2-41192368BAFB} = {545C2273-3A99-49D8-89A2-41192368BAFB}
		{57C2F5B5-FB8F-436F-BA65-F71335811FD4} = {57C2F5B5-FB8F-436F-BA65-F71335811FD4}
		{88321BD4-1595-48FF-87D5-13EFC45D549C} = {88321BD4-1595-48FF-87D5-13EFC45D549C}
		{050211E5-EB81-4212-B2C5-79D88E467285} = {050211E5-EB81-4212-B2C5-79D88E467285}
	EndProjectSection
EndProject
Project("{2150E333-8FDC-42A3-9474-1A3956D46DE8}") = "BusinessLayer", "BusinessLayer", "{A2F241B1-8F13-4B80-9894-A85987819E18}"
EndProject
Project("{2150E333-8FDC-42A3-9474-1A3956D46DE8}") = "DataAccessLayer", "DataAccessLayer", "{A78A8AFD-2331-41B4-9185-C3551303A43B}"
EndProject
Project("{2150E333-8FDC-42A3-9474-1A3956D46DE8}") = "Container", "Container", "{74E20AA2-5398-407F-88E2-29D3A149B4B7}"
EndProject
Project("{FAE04EC0-301F-11D3-BF4B-00C04F79EFBC}") = "OMC.BL.Interface", "OMC.BL.Interface\OMC.BL.Interface.csproj", "{545C2273-3A99-49D8-89A2-41192368BAFB}"
EndProject
Project("{FAE04EC0-301F-11D3-BF4B-00C04F79EFBC}") = "OMC.BL.Library", "OMC.BL.Library\OMC.BL.Library.csproj", "{050211E5-EB81-4212-B2C5-79D88E467285}"
EndProject
Project("{FAE04EC0-301F-11D3-BF4B-00C04F79EFBC}") = "OMC.Modules", "OMC.Modules\OMC.Modules.csproj", "{0A52E95C-6B70-4EF1-89FD-8A8EA9719B80}"
EndProject
Project("{FAE04EC0-301F-11D3-BF4B-00C04F79EFBC}") = "OMC.DAL.Interface", "OMC.DAL.Interface\OMC.DAL.Interface.csproj", "{88321BD4-1595-48FF-87D5-13EFC45D549C}"
EndProject
Project("{FAE04EC0-301F-11D3-BF4B-00C04F79EFBC}") = "OMC.Models", "OMC.Models\OMC.Models.csproj", "{A685AA6B-9DC5-400E-BB08-042BF56C1DB6}"
EndProject
Project("{FAE04EC0-301F-11D3-BF4B-00C04F79EFBC}") = "OMC.DAL.Library", "OMC.DAL.Library\OMC.DAL.Library.csproj", "{57C2F5B5-FB8F-436F-BA65-F71335811FD4}"
EndProject
Project("{FAE04EC0-301F-11D3-BF4B-00C04F79EFBC}") = "OMCWebApp", "OMCWebApp\OMCWebApp.csproj", "{A0D460A5-0477-4F1D-87F6-F21FCB43856D}"
EndProject
Global
	GlobalSection(SolutionConfigurationPlatforms) = preSolution
		Debug|Any CPU = Debug|Any CPU
		Release|Any CPU = Release|Any CPU
	EndGlobalSection
	GlobalSection(ProjectConfigurationPlatforms) = postSolution
		{EDB0D44E-7EF4-4B4C-B6E9-A872E702512B}.Debug|Any CPU.ActiveCfg = Debug|Any CPU
		{EDB0D44E-7EF4-4B4C-B6E9-A872E702512B}.Debug|Any CPU.Build.0 = Debug|Any CPU
		{EDB0D44E-7EF4-4B4C-B6E9-A872E702512B}.Release|Any CPU.ActiveCfg = Release|Any CPU
		{EDB0D44E-7EF4-4B4C-B6E9-A872E702512B}.Release|Any CPU.Build.0 = Release|Any CPU
		{545C2273-3A99-49D8-89A2-41192368BAFB}.Debug|Any CPU.ActiveCfg = Debug|Any CPU
		{545C2273-3A99-49D8-89A2-41192368BAFB}.Debug|Any CPU.Build.0 = Debug|Any CPU
		{545C2273-3A99-49D8-89A2-41192368BAFB}.Release|Any CPU.ActiveCfg = Release|Any CPU
		{545C2273-3A99-49D8-89A2-41192368BAFB}.Release|Any CPU.Build.0 = Release|Any CPU
		{050211E5-EB81-4212-B2C5-79D88E467285}.Debug|Any CPU.ActiveCfg = Debug|Any CPU
		{050211E5-EB81-4212-B2C5-79D88E467285}.Debug|Any CPU.Build.0 = Debug|Any CPU
		{050211E5-EB81-4212-B2C5-79D88E467285}.Release|Any CPU.ActiveCfg = Release|Any CPU
		{050211E5-EB81-4212-B2C5-79D88E467285}.Release|Any CPU.Build.0 = Release|Any CPU
		{0A52E95C-6B70-4EF1-89FD-8A8EA9719B80}.Debug|Any CPU.ActiveCfg = Debug|Any CPU
		{0A52E95C-6B70-4EF1-89FD-8A8EA9719B80}.Debug|Any CPU.Build.0 = Debug|Any CPU
		{0A52E95C-6B70-4EF1-89FD-8A8EA9719B80}.Release|Any CPU.ActiveCfg = Release|Any CPU
		{0A52E95C-6B70-4EF1-89FD-8A8EA9719B80}.Release|Any CPU.Build.0 = Release|Any CPU
		{88321BD4-1595-48FF-87D5-13EFC45D549C}.Debug|Any CPU.ActiveCfg = Debug|Any CPU
		{88321BD4-1595-48FF-87D5-13EFC45D549C}.Debug|Any CPU.Build.0 = Debug|Any CPU
		{88321BD4-1595-48FF-87D5-13EFC45D549C}.Release|Any CPU.ActiveCfg = Release|Any CPU
		{88321BD4-1595-48FF-87D5-13EFC45D549C}.Release|Any CPU.Build.0 = Release|Any CPU
		{A685AA6B-9DC5-400E-BB08-042BF56C1DB6}.Debug|Any CPU.ActiveCfg = Debug|Any CPU
		{A685AA6B-9DC5-400E-BB08-042BF56C1DB6}.Debug|Any CPU.Build.0 = Debug|Any CPU
		{A685AA6B-9DC5-400E-BB08-042BF56C1DB6}.Release|Any CPU.ActiveCfg = Release|Any CPU
		{A685AA6B-9DC5-400E-BB08-042BF56C1DB6}.Release|Any CPU.Build.0 = Release|Any CPU
		{57C2F5B5-FB8F-436F-BA65-F71335811FD4}.Debug|Any CPU.ActiveCfg = Debug|Any CPU
		{57C2F5B5-FB8F-436F-BA65-F71335811FD4}.Debug|Any CPU.Build.0 = Debug|Any CPU
		{57C2F5B5-FB8F-436F-BA65-F71335811FD4}.Release|Any CPU.ActiveCfg = Release|Any CPU
		{57C2F5B5-FB8F-436F-BA65-F71335811FD4}.Release|Any CPU.Build.0 = Release|Any CPU
		{A0D460A5-0477-4F1D-87F6-F21FCB43856D}.Debug|Any CPU.ActiveCfg = Debug|Any CPU
		{A0D460A5-0477-4F1D-87F6-F21FCB43856D}.Debug|Any CPU.Build.0 = Debug|Any CPU
		{A0D460A5-0477-4F1D-87F6-F21FCB43856D}.Release|Any CPU.ActiveCfg = Release|Any CPU
		{A0D460A5-0477-4F1D-87F6-F21FCB43856D}.Release|Any CPU.Build.0 = Release|Any CPU
	EndGlobalSection
	GlobalSection(SolutionProperties) = preSolution
		HideSolutionNode = FALSE
	EndGlobalSection
	GlobalSection(NestedProjects) = preSolution
		{545C2273-3A99-49D8-89A2-41192368BAFB} = {A2F241B1-8F13-4B80-9894-A85987819E18}
		{050211E5-EB81-4212-B2C5-79D88E467285} = {A2F241B1-8F13-4B80-9894-A85987819E18}
		{0A52E95C-6B70-4EF1-89FD-8A8EA9719B80} = {74E20AA2-5398-407F-88E2-29D3A149B4B7}
		{88321BD4-1595-48FF-87D5-13EFC45D549C} = {A78A8AFD-2331-41B4-9185-C3551303A43B}
		{A685AA6B-9DC5-400E-BB08-042BF56C1DB6} = {A78A8AFD-2331-41B4-9185-C3551303A43B}
		{57C2F5B5-FB8F-436F-BA65-F71335811FD4} = {A78A8AFD-2331-41B4-9185-C3551303A43B}
	EndGlobalSection
	GlobalSection(ExtensibilityGlobals) = postSolution
		SolutionGuid = {57423FC9-2FE4-40D4-B8B3-FE5829F53F4B}
	EndGlobalSection
EndGlobal
